// !$*UTF8*$!
{
	archiveVersion = 1;
	classes = {
	};
	objectVersion = 56;
	objects = {

/* Begin PBXBuildFile section */
		5C0780DF2C7900B4002C7F54 /* Custom.swift in Sources */ = {isa = PBXBuildFile; fileRef = 5C0780DE2C7900B4002C7F54 /* Custom.swift */; };
		5C0780E42C790318002C7F54 /* CherryBombOne-Regular.ttf in Resources */ = {isa = PBXBuildFile; fileRef = 5C0780E32C790318002C7F54 /* CherryBombOne-Regular.ttf */; };
		5C0780E72C790782002C7F54 /* Color.swift in Sources */ = {isa = PBXBuildFile; fileRef = 5C0780E62C790782002C7F54 /* Color.swift */; };
		5C0780E92C7A55BE002C7F54 /* 💠Menu.swift in Sources */ = {isa = PBXBuildFile; fileRef = 5C0780E82C7A55BE002C7F54 /* 💠Menu.swift */; };
		5C0780EC2C7B15F3002C7F54 /* DefaultStorage.swift in Sources */ = {isa = PBXBuildFile; fileRef = 5C0780EB2C7B15F3002C7F54 /* DefaultStorage.swift */; };
		5C0780F02C7D0E1A002C7F54 /* 🍩Quests.swift in Sources */ = {isa = PBXBuildFile; fileRef = 5C0780EF2C7D0E1A002C7F54 /* 🍩Quests.swift */; };
		5C0780F22C7DB977002C7F54 /* Router.swift in Sources */ = {isa = PBXBuildFile; fileRef = 5C0780F12C7DB977002C7F54 /* Router.swift */; };
		5C0780F42C7DBE6F002C7F54 /* ℹ️Info.swift in Sources */ = {isa = PBXBuildFile; fileRef = 5C0780F32C7DBE6F002C7F54 /* ℹ️Info.swift */; };
		5C0780FB2C7DC6F7002C7F54 /* dynamo-regular.ttf in Resources */ = {isa = PBXBuildFile; fileRef = 5C0780FA2C7DC6F7002C7F54 /* dynamo-regular.ttf */; };
		5C0780FD2C7DF0A2002C7F54 /* 🎚️Levels.swift in Sources */ = {isa = PBXBuildFile; fileRef = 5C0780FC2C7DF0A2002C7F54 /* 🎚️Levels.swift */; };
		5C0780FF2C7E0D51002C7F54 /* 🛍️Shop.swift in Sources */ = {isa = PBXBuildFile; fileRef = 5C0780FE2C7E0D51002C7F54 /* 🛍️Shop.swift */; };
		5C0781012C7E2926002C7F54 /* Button.swift in Sources */ = {isa = PBXBuildFile; fileRef = 5C0781002C7E2926002C7F54 /* Button.swift */; };
		5C0781032C7E2C35002C7F54 /* Component.swift in Sources */ = {isa = PBXBuildFile; fileRef = 5C0781022C7E2C35002C7F54 /* Component.swift */; };
		5C0781062C7E2F95002C7F54 /* 🕰️TimeBoard.swift in Sources */ = {isa = PBXBuildFile; fileRef = 5C0781052C7E2F95002C7F54 /* 🕰️TimeBoard.swift */; };
		5C07810B2C7E5B16002C7F54 /* 🎲ChestGame.swift in Sources */ = {isa = PBXBuildFile; fileRef = 5C07810A2C7E5B16002C7F54 /* 🎲ChestGame.swift */; };
		5C07810D2C7F2D5E002C7F54 /* 🪙Wallet.swift in Sources */ = {isa = PBXBuildFile; fileRef = 5C07810C2C7F2D5E002C7F54 /* 🪙Wallet.swift */; };
		5C0781102C7F2F8F002C7F54 /* Story.swift in Sources */ = {isa = PBXBuildFile; fileRef = 5C07810F2C7F2F8F002C7F54 /* Story.swift */; };
		5C0781122C7F4E56002C7F54 /* StoryResult.swift in Sources */ = {isa = PBXBuildFile; fileRef = 5C0781112C7F4E56002C7F54 /* StoryResult.swift */; };
		5C45B1CB2C78C75C00628C16 /* BarbieCrazyDayApp.swift in Sources */ = {isa = PBXBuildFile; fileRef = 5C45B1CA2C78C75C00628C16 /* BarbieCrazyDayApp.swift */; };
		5C45B1CD2C78C75C00628C16 /* ContentView.swift in Sources */ = {isa = PBXBuildFile; fileRef = 5C45B1CC2C78C75C00628C16 /* ContentView.swift */; };
		5C45B1CF2C78C75D00628C16 /* Assets.xcassets in Resources */ = {isa = PBXBuildFile; fileRef = 5C45B1CE2C78C75D00628C16 /* Assets.xcassets */; };
		5C45B1D22C78C75D00628C16 /* Preview Assets.xcassets in Resources */ = {isa = PBXBuildFile; fileRef = 5C45B1D12C78C75D00628C16 /* Preview Assets.xcassets */; };
		5C842E7A2C78CDB300103584 /* 👋🏼Welcome.swift in Sources */ = {isa = PBXBuildFile; fileRef = 5C842E792C78CDB300103584 /* 👋🏼Welcome.swift */; };
		5C842E7D2C78D0FD00103584 /* Background.swift in Sources */ = {isa = PBXBuildFile; fileRef = 5C842E7C2C78D0FD00103584 /* Background.swift */; };
		5C842E802C78DFDD00103584 /* Position.swift in Sources */ = {isa = PBXBuildFile; fileRef = 5C842E7F2C78DFDD00103584 /* Position.swift */; };
		5C9E1A6D2C7FA3CD0090B49A /* QuestCases.swift in Sources */ = {isa = PBXBuildFile; fileRef = 5C9E1A6C2C7FA3CD0090B49A /* QuestCases.swift */; };
		5C9E1A6F2C7FA4010090B49A /* QuestContainer.swift in Sources */ = {isa = PBXBuildFile; fileRef = 5C9E1A6E2C7FA4010090B49A /* QuestContainer.swift */; };
		5C9E1A722C8056E70090B49A /* ☀️SunnyDay.swift in Sources */ = {isa = PBXBuildFile; fileRef = 5C9E1A712C8056E70090B49A /* ☀️SunnyDay.swift */; };
		5C9E1A742C8057100090B49A /* 🗻SnowMountains.swift in Sources */ = {isa = PBXBuildFile; fileRef = 5C9E1A732C8057100090B49A /* 🗻SnowMountains.swift */; };
		5C9E1A762C8057490090B49A /* ⛈️ Thunderstorm.swift in Sources */ = {isa = PBXBuildFile; fileRef = 5C9E1A752C8057490090B49A /* ⛈️ Thunderstorm.swift */; };
		5C9E1A792C80693C0090B49A /* 🤝BetBoard.swift in Sources */ = {isa = PBXBuildFile; fileRef = 5C9E1A782C80693C0090B49A /* 🤝BetBoard.swift */; };
/* End PBXBuildFile section */

/* Begin PBXFileReference section */
		5C0780DE2C7900B4002C7F54 /* Custom.swift */ = {isa = PBXFileReference; lastKnownFileType = sourcecode.swift; path = Custom.swift; sourceTree = "<group>"; };
		5C0780E32C790318002C7F54 /* CherryBombOne-Regular.ttf */ = {isa = PBXFileReference; lastKnownFileType = file; path = "CherryBombOne-Regular.ttf"; sourceTree = "<group>"; };
		5C0780E62C790782002C7F54 /* Color.swift */ = {isa = PBXFileReference; lastKnownFileType = sourcecode.swift; path = Color.swift; sourceTree = "<group>"; };
		5C0780E82C7A55BE002C7F54 /* 💠Menu.swift */ = {isa = PBXFileReference; lastKnownFileType = sourcecode.swift; path = "💠Menu.swift"; sourceTree = "<group>"; };
		5C0780EB2C7B15F3002C7F54 /* DefaultStorage.swift */ = {isa = PBXFileReference; lastKnownFileType = sourcecode.swift; path = DefaultStorage.swift; sourceTree = "<group>"; };
		5C0780EF2C7D0E1A002C7F54 /* 🍩Quests.swift */ = {isa = PBXFileReference; lastKnownFileType = sourcecode.swift; path = "🍩Quests.swift"; sourceTree = "<group>"; };
		5C0780F12C7DB977002C7F54 /* Router.swift */ = {isa = PBXFileReference; lastKnownFileType = sourcecode.swift; path = Router.swift; sourceTree = "<group>"; };
		5C0780F32C7DBE6F002C7F54 /* ℹ️Info.swift */ = {isa = PBXFileReference; lastKnownFileType = sourcecode.swift; path = "ℹ️Info.swift"; sourceTree = "<group>"; };
		5C0780FA2C7DC6F7002C7F54 /* dynamo-regular.ttf */ = {isa = PBXFileReference; lastKnownFileType = file; path = "dynamo-regular.ttf"; sourceTree = "<group>"; };
		5C0780FC2C7DF0A2002C7F54 /* 🎚️Levels.swift */ = {isa = PBXFileReference; lastKnownFileType = sourcecode.swift; path = "🎚️Levels.swift"; sourceTree = "<group>"; };
		5C0780FE2C7E0D51002C7F54 /* 🛍️Shop.swift */ = {isa = PBXFileReference; lastKnownFileType = sourcecode.swift; path = "🛍️Shop.swift"; sourceTree = "<group>"; };
		5C0781002C7E2926002C7F54 /* Button.swift */ = {isa = PBXFileReference; lastKnownFileType = sourcecode.swift; path = Button.swift; sourceTree = "<group>"; };
		5C0781022C7E2C35002C7F54 /* Component.swift */ = {isa = PBXFileReference; lastKnownFileType = sourcecode.swift; path = Component.swift; sourceTree = "<group>"; };
		5C0781052C7E2F95002C7F54 /* 🕰️TimeBoard.swift */ = {isa = PBXFileReference; lastKnownFileType = sourcecode.swift; path = "🕰️TimeBoard.swift"; sourceTree = "<group>"; };
		5C07810A2C7E5B16002C7F54 /* 🎲ChestGame.swift */ = {isa = PBXFileReference; lastKnownFileType = sourcecode.swift; path = "🎲ChestGame.swift"; sourceTree = "<group>"; };
		5C07810C2C7F2D5E002C7F54 /* 🪙Wallet.swift */ = {isa = PBXFileReference; lastKnownFileType = sourcecode.swift; path = "🪙Wallet.swift"; sourceTree = "<group>"; };
		5C07810F2C7F2F8F002C7F54 /* Story.swift */ = {isa = PBXFileReference; lastKnownFileType = sourcecode.swift; path = Story.swift; sourceTree = "<group>"; };
		5C0781112C7F4E56002C7F54 /* StoryResult.swift */ = {isa = PBXFileReference; lastKnownFileType = sourcecode.swift; path = StoryResult.swift; sourceTree = "<group>"; };
		5C45B1C72C78C75C00628C16 /* BarbieCrazyDay.app */ = {isa = PBXFileReference; explicitFileType = wrapper.application; includeInIndex = 0; path = BarbieCrazyDay.app; sourceTree = BUILT_PRODUCTS_DIR; };
		5C45B1CA2C78C75C00628C16 /* BarbieCrazyDayApp.swift */ = {isa = PBXFileReference; lastKnownFileType = sourcecode.swift; path = BarbieCrazyDayApp.swift; sourceTree = "<group>"; };
		5C45B1CC2C78C75C00628C16 /* ContentView.swift */ = {isa = PBXFileReference; lastKnownFileType = sourcecode.swift; path = ContentView.swift; sourceTree = "<group>"; };
		5C45B1CE2C78C75D00628C16 /* Assets.xcassets */ = {isa = PBXFileReference; lastKnownFileType = folder.assetcatalog; path = Assets.xcassets; sourceTree = "<group>"; };
		5C45B1D12C78C75D00628C16 /* Preview Assets.xcassets */ = {isa = PBXFileReference; lastKnownFileType = folder.assetcatalog; path = "Preview Assets.xcassets"; sourceTree = "<group>"; };
		5C842E792C78CDB300103584 /* 👋🏼Welcome.swift */ = {isa = PBXFileReference; fileEncoding = 4; lastKnownFileType = sourcecode.swift; path = "👋🏼Welcome.swift"; sourceTree = "<group>"; };
		5C842E7C2C78D0FD00103584 /* Background.swift */ = {isa = PBXFileReference; lastKnownFileType = sourcecode.swift; path = Background.swift; sourceTree = "<group>"; };
		5C842E7E2C78D2C300103584 /* Info.plist */ = {isa = PBXFileReference; lastKnownFileType = text.plist.xml; path = Info.plist; sourceTree = "<group>"; };
		5C842E7F2C78DFDD00103584 /* Position.swift */ = {isa = PBXFileReference; lastKnownFileType = sourcecode.swift; path = Position.swift; sourceTree = "<group>"; };
		5C9E1A6C2C7FA3CD0090B49A /* QuestCases.swift */ = {isa = PBXFileReference; lastKnownFileType = sourcecode.swift; path = QuestCases.swift; sourceTree = "<group>"; };
		5C9E1A6E2C7FA4010090B49A /* QuestContainer.swift */ = {isa = PBXFileReference; lastKnownFileType = sourcecode.swift; path = QuestContainer.swift; sourceTree = "<group>"; };
		5C9E1A712C8056E70090B49A /* ☀️SunnyDay.swift */ = {isa = PBXFileReference; lastKnownFileType = sourcecode.swift; path = "☀️SunnyDay.swift"; sourceTree = "<group>"; };
		5C9E1A732C8057100090B49A /* 🗻SnowMountains.swift */ = {isa = PBXFileReference; lastKnownFileType = sourcecode.swift; path = "🗻SnowMountains.swift"; sourceTree = "<group>"; };
		5C9E1A752C8057490090B49A /* ⛈️ Thunderstorm.swift */ = {isa = PBXFileReference; lastKnownFileType = sourcecode.swift; path = "⛈️ Thunderstorm.swift"; sourceTree = "<group>"; };
		5C9E1A782C80693C0090B49A /* 🤝BetBoard.swift */ = {isa = PBXFileReference; lastKnownFileType = sourcecode.swift; path = "🤝BetBoard.swift"; sourceTree = "<group>"; };
/* End PBXFileReference section */

/* Begin PBXFrameworksBuildPhase section */
		5C45B1C42C78C75C00628C16 /* Frameworks */ = {
			isa = PBXFrameworksBuildPhase;
			buildActionMask = 2147483647;
			files = (
			);
			runOnlyForDeploymentPostprocessing = 0;
		};
/* End PBXFrameworksBuildPhase section */

/* Begin PBXGroup section */
		5C0780DD2C790024002C7F54 /* 🧩Fonts */ = {
			isa = PBXGroup;
			children = (
				5C0780F72C7DC4F6002C7F54 /* Dynamo */,
				5C0780E02C79011D002C7F54 /* CherryBombOne */,
				5C0780DE2C7900B4002C7F54 /* Custom.swift */,
			);
			path = "🧩Fonts";
			sourceTree = "<group>";
		};
		5C0780E02C79011D002C7F54 /* CherryBombOne */ = {
			isa = PBXGroup;
			children = (
				5C0780E32C790318002C7F54 /* CherryBombOne-Regular.ttf */,
			);
			path = CherryBombOne;
			sourceTree = "<group>";
		};
		5C0780E52C7906C8002C7F54 /* 🌈Gradients */ = {
			isa = PBXGroup;
			children = (
				5C0780E62C790782002C7F54 /* Color.swift */,
			);
			path = "🌈Gradients";
			sourceTree = "<group>";
		};
		5C0780EA2C7B15D0002C7F54 /* ⚙️Services */ = {
			isa = PBXGroup;
			children = (
				5C0780EB2C7B15F3002C7F54 /* DefaultStorage.swift */,
				5C0780F12C7DB977002C7F54 /* Router.swift */,
			);
			path = "⚙️Services";
			sourceTree = "<group>";
		};
		5C0780F72C7DC4F6002C7F54 /* Dynamo */ = {
			isa = PBXGroup;
			children = (
				5C0780FA2C7DC6F7002C7F54 /* dynamo-regular.ttf */,
			);
			path = Dynamo;
			sourceTree = "<group>";
		};
		5C0781042C7E2F67002C7F54 /* 💠Menu */ = {
			isa = PBXGroup;
			children = (
				5C0780E82C7A55BE002C7F54 /* 💠Menu.swift */,
				5C0781052C7E2F95002C7F54 /* 🕰️TimeBoard.swift */,
				5C07810C2C7F2D5E002C7F54 /* 🪙Wallet.swift */,
			);
			path = "💠Menu";
			sourceTree = "<group>";
		};
		5C0781092C7E5AD4002C7F54 /* 🛍️Shop */ = {
			isa = PBXGroup;
			children = (
				5C0780FE2C7E0D51002C7F54 /* 🛍️Shop.swift */,
				5C07810A2C7E5B16002C7F54 /* 🎲ChestGame.swift */,
			);
			path = "🛍️Shop";
			sourceTree = "<group>";
		};
		5C07810E2C7F2F3C002C7F54 /* 🍒Srories */ = {
			isa = PBXGroup;
			children = (
				5C07810F2C7F2F8F002C7F54 /* Story.swift */,
				5C0781112C7F4E56002C7F54 /* StoryResult.swift */,
			);
			path = "🍒Srories";
			sourceTree = "<group>";
		};
		5C45B1BE2C78C75C00628C16 = {
			isa = PBXGroup;
			children = (
				5C45B1C92C78C75C00628C16 /* BarbieCrazyDay */,
				5C45B1C82C78C75C00628C16 /* Products */,
			);
			sourceTree = "<group>";
		};
		5C45B1C82C78C75C00628C16 /* Products */ = {
			isa = PBXGroup;
			children = (
				5C45B1C72C78C75C00628C16 /* BarbieCrazyDay.app */,
			);
			name = Products;
			sourceTree = "<group>";
		};
		5C45B1C92C78C75C00628C16 /* BarbieCrazyDay */ = {
			isa = PBXGroup;
			children = (
				5C842E7E2C78D2C300103584 /* Info.plist */,
				5C842E792C78CDB300103584 /* 👋🏼Welcome.swift */,
				5C9E1A702C8056800090B49A /* 🎰Games */,
				5C0781042C7E2F67002C7F54 /* 💠Menu */,
				5C9E1A6B2C7FA3A80090B49A /* 🍩Quests */,
				5C0780F32C7DBE6F002C7F54 /* ℹ️Info.swift */,
				5C0780FC2C7DF0A2002C7F54 /* 🎚️Levels.swift */,
				5C0781092C7E5AD4002C7F54 /* 🛍️Shop */,
				5C45B1CA2C78C75C00628C16 /* BarbieCrazyDayApp.swift */,
				5C07810E2C7F2F3C002C7F54 /* 🍒Srories */,
				5C45B1CC2C78C75C00628C16 /* ContentView.swift */,
				5C0780EA2C7B15D0002C7F54 /* ⚙️Services */,
				5C0780DD2C790024002C7F54 /* 🧩Fonts */,
				5C0780E52C7906C8002C7F54 /* 🌈Gradients */,
				5C842E7B2C78D0A700103584 /* 🧩Extensions */,
				5C45B1CE2C78C75D00628C16 /* Assets.xcassets */,
				5C45B1D02C78C75D00628C16 /* Preview Content */,
			);
			path = BarbieCrazyDay;
			sourceTree = "<group>";
		};
		5C45B1D02C78C75D00628C16 /* Preview Content */ = {
			isa = PBXGroup;
			children = (
				5C45B1D12C78C75D00628C16 /* Preview Assets.xcassets */,
			);
			path = "Preview Content";
			sourceTree = "<group>";
		};
		5C842E7B2C78D0A700103584 /* 🧩Extensions */ = {
			isa = PBXGroup;
			children = (
				5C842E7C2C78D0FD00103584 /* Background.swift */,
				5C842E7F2C78DFDD00103584 /* Position.swift */,
				5C0781002C7E2926002C7F54 /* Button.swift */,
				5C0781022C7E2C35002C7F54 /* Component.swift */,
			);
			path = "🧩Extensions";
			sourceTree = "<group>";
		};
		5C9E1A6B2C7FA3A80090B49A /* 🍩Quests */ = {
			isa = PBXGroup;
			children = (
				5C0780EF2C7D0E1A002C7F54 /* 🍩Quests.swift */,
				5C9E1A6E2C7FA4010090B49A /* QuestContainer.swift */,
				5C9E1A6C2C7FA3CD0090B49A /* QuestCases.swift */,
			);
			path = "🍩Quests";
			sourceTree = "<group>";
		};
		5C9E1A702C8056800090B49A /* 🎰Games */ = {
			isa = PBXGroup;
			children = (
				5C9E1A712C8056E70090B49A /* ☀️SunnyDay.swift */,
				5C9F66FC2C81C1C400623D86 /* 🗻SnowMountain */,
				5C9E1A772C8065F40090B49A /* ⛈️ Thunderstorm */,
			);
			path = "🎰Games";
			sourceTree = "<group>";
		};
		5C9E1A772C8065F40090B49A /* ⛈️ Thunderstorm */ = {
			isa = PBXGroup;
			children = (
				5C9E1A752C8057490090B49A /* ⛈️ Thunderstorm.swift */,
				5C9E1A782C80693C0090B49A /* 🤝BetBoard.swift */,
			);
			path = "⛈️ Thunderstorm";
			sourceTree = "<group>";
		};
		5C9F66FC2C81C1C400623D86 /* 🗻SnowMountain */ = {
			isa = PBXGroup;
			children = (
				5C9E1A732C8057100090B49A /* 🗻SnowMountains.swift */,
			);
			path = "🗻SnowMountain";
			sourceTree = "<group>";
		};
/* End PBXGroup section */

/* Begin PBXNativeTarget section */
		5C45B1C62C78C75C00628C16 /* BarbieCrazyDay */ = {
			isa = PBXNativeTarget;
			buildConfigurationList = 5C45B1D52C78C75D00628C16 /* Build configuration list for PBXNativeTarget "BarbieCrazyDay" */;
			buildPhases = (
				5C45B1C32C78C75C00628C16 /* Sources */,
				5C45B1C42C78C75C00628C16 /* Frameworks */,
				5C45B1C52C78C75C00628C16 /* Resources */,
			);
			buildRules = (
			);
			dependencies = (
			);
			name = BarbieCrazyDay;
			productName = BarbieCrazyDay;
			productReference = 5C45B1C72C78C75C00628C16 /* BarbieCrazyDay.app */;
			productType = "com.apple.product-type.application";
		};
/* End PBXNativeTarget section */

/* Begin PBXProject section */
		5C45B1BF2C78C75C00628C16 /* Project object */ = {
			isa = PBXProject;
			attributes = {
				BuildIndependentTargetsInParallel = 1;
				LastSwiftUpdateCheck = 1540;
				LastUpgradeCheck = 1540;
				TargetAttributes = {
					5C45B1C62C78C75C00628C16 = {
						CreatedOnToolsVersion = 15.4;
					};
				};
			};
			buildConfigurationList = 5C45B1C22C78C75C00628C16 /* Build configuration list for PBXProject "BarbieCrazyDay" */;
			compatibilityVersion = "Xcode 14.0";
			developmentRegion = en;
			hasScannedForEncodings = 0;
			knownRegions = (
				en,
				Base,
			);
			mainGroup = 5C45B1BE2C78C75C00628C16;
			productRefGroup = 5C45B1C82C78C75C00628C16 /* Products */;
			projectDirPath = "";
			projectRoot = "";
			targets = (
				5C45B1C62C78C75C00628C16 /* BarbieCrazyDay */,
			);
		};
/* End PBXProject section */

/* Begin PBXResourcesBuildPhase section */
		5C45B1C52C78C75C00628C16 /* Resources */ = {
			isa = PBXResourcesBuildPhase;
			buildActionMask = 2147483647;
			files = (
				5C0780E42C790318002C7F54 /* CherryBombOne-Regular.ttf in Resources */,
				5C0780FB2C7DC6F7002C7F54 /* dynamo-regular.ttf in Resources */,
				5C45B1D22C78C75D00628C16 /* Preview Assets.xcassets in Resources */,
				5C45B1CF2C78C75D00628C16 /* Assets.xcassets in Resources */,
			);
			runOnlyForDeploymentPostprocessing = 0;
		};
/* End PBXResourcesBuildPhase section */

/* Begin PBXSourcesBuildPhase section */
		5C45B1C32C78C75C00628C16 /* Sources */ = {
			isa = PBXSourcesBuildPhase;
			buildActionMask = 2147483647;
			files = (
				5C0780F22C7DB977002C7F54 /* Router.swift in Sources */,
				5C45B1CD2C78C75C00628C16 /* ContentView.swift in Sources */,
				5C0780E92C7A55BE002C7F54 /* 💠Menu.swift in Sources */,
				5C07810B2C7E5B16002C7F54 /* 🎲ChestGame.swift in Sources */,
				5C0781122C7F4E56002C7F54 /* StoryResult.swift in Sources */,
				5C9E1A722C8056E70090B49A /* ☀️SunnyDay.swift in Sources */,
				5C0780FF2C7E0D51002C7F54 /* 🛍️Shop.swift in Sources */,
				5C45B1CB2C78C75C00628C16 /* BarbieCrazyDayApp.swift in Sources */,
				5C0780F02C7D0E1A002C7F54 /* 🍩Quests.swift in Sources */,
				5C0780FD2C7DF0A2002C7F54 /* 🎚️Levels.swift in Sources */,
				5C9E1A762C8057490090B49A /* ⛈️ Thunderstorm.swift in Sources */,
				5C0781062C7E2F95002C7F54 /* 🕰️TimeBoard.swift in Sources */,
				5C9E1A6D2C7FA3CD0090B49A /* QuestCases.swift in Sources */,
				5C0780E72C790782002C7F54 /* Color.swift in Sources */,
				5C0780EC2C7B15F3002C7F54 /* DefaultStorage.swift in Sources */,
				5C0780F42C7DBE6F002C7F54 /* ℹ️Info.swift in Sources */,
				5C9E1A6F2C7FA4010090B49A /* QuestContainer.swift in Sources */,
				5C0781012C7E2926002C7F54 /* Button.swift in Sources */,
				5C0781102C7F2F8F002C7F54 /* Story.swift in Sources */,
				5C0780DF2C7900B4002C7F54 /* Custom.swift in Sources */,
				5C842E7A2C78CDB300103584 /* 👋🏼Welcome.swift in Sources */,
				5C0781032C7E2C35002C7F54 /* Component.swift in Sources */,
				5C842E802C78DFDD00103584 /* Position.swift in Sources */,
				5C9E1A792C80693C0090B49A /* 🤝BetBoard.swift in Sources */,
				5C842E7D2C78D0FD00103584 /* Background.swift in Sources */,
				5C9E1A742C8057100090B49A /* 🗻SnowMountains.swift in Sources */,
				5C07810D2C7F2D5E002C7F54 /* 🪙Wallet.swift in Sources */,
			);
			runOnlyForDeploymentPostprocessing = 0;
		};
/* End PBXSourcesBuildPhase section */

/* Begin XCBuildConfiguration section */
		5C45B1D32C78C75D00628C16 /* Debug */ = {
			isa = XCBuildConfiguration;
			buildSettings = {
				ALWAYS_SEARCH_USER_PATHS = NO;
				ASSETCATALOG_COMPILER_GENERATE_SWIFT_ASSET_SYMBOL_EXTENSIONS = YES;
				CLANG_ANALYZER_NONNULL = YES;
				CLANG_ANALYZER_NUMBER_OBJECT_CONVERSION = YES_AGGRESSIVE;
				CLANG_CXX_LANGUAGE_STANDARD = "gnu++20";
				CLANG_ENABLE_MODULES = YES;
				CLANG_ENABLE_OBJC_ARC = YES;
				CLANG_ENABLE_OBJC_WEAK = YES;
				CLANG_WARN_BLOCK_CAPTURE_AUTORELEASING = YES;
				CLANG_WARN_BOOL_CONVERSION = YES;
				CLANG_WARN_COMMA = YES;
				CLANG_WARN_CONSTANT_CONVERSION = YES;
				CLANG_WARN_DEPRECATED_OBJC_IMPLEMENTATIONS = YES;
				CLANG_WARN_DIRECT_OBJC_ISA_USAGE = YES_ERROR;
				CLANG_WARN_DOCUMENTATION_COMMENTS = YES;
				CLANG_WARN_EMPTY_BODY = YES;
				CLANG_WARN_ENUM_CONVERSION = YES;
				CLANG_WARN_INFINITE_RECURSION = YES;
				CLANG_WARN_INT_CONVERSION = YES;
				CLANG_WARN_NON_LITERAL_NULL_CONVERSION = YES;
				CLANG_WARN_OBJC_IMPLICIT_RETAIN_SELF = YES;
				CLANG_WARN_OBJC_LITERAL_CONVERSION = YES;
				CLANG_WARN_OBJC_ROOT_CLASS = YES_ERROR;
				CLANG_WARN_QUOTED_INCLUDE_IN_FRAMEWORK_HEADER = YES;
				CLANG_WARN_RANGE_LOOP_ANALYSIS = YES;
				CLANG_WARN_STRICT_PROTOTYPES = YES;
				CLANG_WARN_SUSPICIOUS_MOVE = YES;
				CLANG_WARN_UNGUARDED_AVAILABILITY = YES_AGGRESSIVE;
				CLANG_WARN_UNREACHABLE_CODE = YES;
				CLANG_WARN__DUPLICATE_METHOD_MATCH = YES;
				COPY_PHASE_STRIP = NO;
				DEBUG_INFORMATION_FORMAT = dwarf;
				ENABLE_STRICT_OBJC_MSGSEND = YES;
				ENABLE_TESTABILITY = YES;
				ENABLE_USER_SCRIPT_SANDBOXING = YES;
				GCC_C_LANGUAGE_STANDARD = gnu17;
				GCC_DYNAMIC_NO_PIC = NO;
				GCC_NO_COMMON_BLOCKS = YES;
				GCC_OPTIMIZATION_LEVEL = 0;
				GCC_PREPROCESSOR_DEFINITIONS = (
					"DEBUG=1",
					"$(inherited)",
				);
				GCC_WARN_64_TO_32_BIT_CONVERSION = YES;
				GCC_WARN_ABOUT_RETURN_TYPE = YES_ERROR;
				GCC_WARN_UNDECLARED_SELECTOR = YES;
				GCC_WARN_UNINITIALIZED_AUTOS = YES_AGGRESSIVE;
				GCC_WARN_UNUSED_FUNCTION = YES;
				GCC_WARN_UNUSED_VARIABLE = YES;
				IPHONEOS_DEPLOYMENT_TARGET = 17.5;
				LOCALIZATION_PREFERS_STRING_CATALOGS = YES;
				MTL_ENABLE_DEBUG_INFO = INCLUDE_SOURCE;
				MTL_FAST_MATH = YES;
				ONLY_ACTIVE_ARCH = YES;
				SDKROOT = iphoneos;
				SWIFT_ACTIVE_COMPILATION_CONDITIONS = "DEBUG $(inherited)";
				SWIFT_OPTIMIZATION_LEVEL = "-Onone";
			};
			name = Debug;
		};
		5C45B1D42C78C75D00628C16 /* Release */ = {
			isa = XCBuildConfiguration;
			buildSettings = {
				ALWAYS_SEARCH_USER_PATHS = NO;
				ASSETCATALOG_COMPILER_GENERATE_SWIFT_ASSET_SYMBOL_EXTENSIONS = YES;
				CLANG_ANALYZER_NONNULL = YES;
				CLANG_ANALYZER_NUMBER_OBJECT_CONVERSION = YES_AGGRESSIVE;
				CLANG_CXX_LANGUAGE_STANDARD = "gnu++20";
				CLANG_ENABLE_MODULES = YES;
				CLANG_ENABLE_OBJC_ARC = YES;
				CLANG_ENABLE_OBJC_WEAK = YES;
				CLANG_WARN_BLOCK_CAPTURE_AUTORELEASING = YES;
				CLANG_WARN_BOOL_CONVERSION = YES;
				CLANG_WARN_COMMA = YES;
				CLANG_WARN_CONSTANT_CONVERSION = YES;
				CLANG_WARN_DEPRECATED_OBJC_IMPLEMENTATIONS = YES;
				CLANG_WARN_DIRECT_OBJC_ISA_USAGE = YES_ERROR;
				CLANG_WARN_DOCUMENTATION_COMMENTS = YES;
				CLANG_WARN_EMPTY_BODY = YES;
				CLANG_WARN_ENUM_CONVERSION = YES;
				CLANG_WARN_INFINITE_RECURSION = YES;
				CLANG_WARN_INT_CONVERSION = YES;
				CLANG_WARN_NON_LITERAL_NULL_CONVERSION = YES;
				CLANG_WARN_OBJC_IMPLICIT_RETAIN_SELF = YES;
				CLANG_WARN_OBJC_LITERAL_CONVERSION = YES;
				CLANG_WARN_OBJC_ROOT_CLASS = YES_ERROR;
				CLANG_WARN_QUOTED_INCLUDE_IN_FRAMEWORK_HEADER = YES;
				CLANG_WARN_RANGE_LOOP_ANALYSIS = YES;
				CLANG_WARN_STRICT_PROTOTYPES = YES;
				CLANG_WARN_SUSPICIOUS_MOVE = YES;
				CLANG_WARN_UNGUARDED_AVAILABILITY = YES_AGGRESSIVE;
				CLANG_WARN_UNREACHABLE_CODE = YES;
				CLANG_WARN__DUPLICATE_METHOD_MATCH = YES;
				COPY_PHASE_STRIP = NO;
				DEBUG_INFORMATION_FORMAT = "dwarf-with-dsym";
				ENABLE_NS_ASSERTIONS = NO;
				ENABLE_STRICT_OBJC_MSGSEND = YES;
				ENABLE_USER_SCRIPT_SANDBOXING = YES;
				GCC_C_LANGUAGE_STANDARD = gnu17;
				GCC_NO_COMMON_BLOCKS = YES;
				GCC_WARN_64_TO_32_BIT_CONVERSION = YES;
				GCC_WARN_ABOUT_RETURN_TYPE = YES_ERROR;
				GCC_WARN_UNDECLARED_SELECTOR = YES;
				GCC_WARN_UNINITIALIZED_AUTOS = YES_AGGRESSIVE;
				GCC_WARN_UNUSED_FUNCTION = YES;
				GCC_WARN_UNUSED_VARIABLE = YES;
				IPHONEOS_DEPLOYMENT_TARGET = 17.5;
				LOCALIZATION_PREFERS_STRING_CATALOGS = YES;
				MTL_ENABLE_DEBUG_INFO = NO;
				MTL_FAST_MATH = YES;
				SDKROOT = iphoneos;
				SWIFT_COMPILATION_MODE = wholemodule;
				VALIDATE_PRODUCT = YES;
			};
			name = Release;
		};
		5C45B1D62C78C75D00628C16 /* Debug */ = {
			isa = XCBuildConfiguration;
			buildSettings = {
				ASSETCATALOG_COMPILER_APPICON_NAME = AppIcon;
				ASSETCATALOG_COMPILER_GLOBAL_ACCENT_COLOR_NAME = AccentColor;
				CODE_SIGN_STYLE = Automatic;
				CURRENT_PROJECT_VERSION = 1;
				DEVELOPMENT_ASSET_PATHS = "\"BarbieCrazyDay/Preview Content\"";
				DEVELOPMENT_TEAM = N9NN3CSS37;
				ENABLE_PREVIEWS = YES;
				GENERATE_INFOPLIST_FILE = YES;
				INFOPLIST_FILE = BarbieCrazyDay/Info.plist;
				INFOPLIST_KEY_UIApplicationSceneManifest_Generation = YES;
				INFOPLIST_KEY_UIApplicationSupportsIndirectInputEvents = YES;
				INFOPLIST_KEY_UISupportedInterfaceOrientations = "UIInterfaceOrientationPortrait UIInterfaceOrientationPortraitUpsideDown";
				INFOPLIST_KEY_UISupportedInterfaceOrientations_iPad = "UIInterfaceOrientationLandscapeLeft UIInterfaceOrientationLandscapeRight UIInterfaceOrientationPortrait UIInterfaceOrientationPortraitUpsideDown";
				IPHONEOS_DEPLOYMENT_TARGET = 16.4;
				LD_RUNPATH_SEARCH_PATHS = (
					"$(inherited)",
					"@executable_path/Frameworks",
				);
				MARKETING_VERSION = 1.0;
				PRODUCT_BUNDLE_IDENTIFIER = janiecee.BarbieCrazyDay;
				PRODUCT_NAME = "$(TARGET_NAME)";
				SUPPORTED_PLATFORMS = "iphoneos iphonesimulator";
				SUPPORTS_MACCATALYST = NO;
				SUPPORTS_MAC_DESIGNED_FOR_IPHONE_IPAD = NO;
				SUPPORTS_XR_DESIGNED_FOR_IPHONE_IPAD = NO;
				SWIFT_EMIT_LOC_STRINGS = YES;
				SWIFT_VERSION = 5.0;
				TARGETED_DEVICE_FAMILY = 1;
			};
			name = Debug;
		};
		5C45B1D72C78C75D00628C16 /* Release */ = {
			isa = XCBuildConfiguration;
			buildSettings = {
				ASSETCATALOG_COMPILER_APPICON_NAME = AppIcon;
				ASSETCATALOG_COMPILER_GLOBAL_ACCENT_COLOR_NAME = AccentColor;
				CODE_SIGN_STYLE = Automatic;
				CURRENT_PROJECT_VERSION = 1;
				DEVELOPMENT_ASSET_PATHS = "\"BarbieCrazyDay/Preview Content\"";
				DEVELOPMENT_TEAM = N9NN3CSS37;
				ENABLE_PREVIEWS = YES;
				GENERATE_INFOPLIST_FILE = YES;
				INFOPLIST_FILE = BarbieCrazyDay/Info.plist;
				INFOPLIST_KEY_UIApplicationSceneManifest_Generation = YES;
				INFOPLIST_KEY_UIApplicationSupportsIndirectInputEvents = YES;
				INFOPLIST_KEY_UISupportedInterfaceOrientations = "UIInterfaceOrientationPortrait UIInterfaceOrientationPortraitUpsideDown";
				INFOPLIST_KEY_UISupportedInterfaceOrientations_iPad = "UIInterfaceOrientationLandscapeLeft UIInterfaceOrientationLandscapeRight UIInterfaceOrientationPortrait UIInterfaceOrientationPortraitUpsideDown";
				IPHONEOS_DEPLOYMENT_TARGET = 16.4;
				LD_RUNPATH_SEARCH_PATHS = (
					"$(inherited)",
					"@executable_path/Frameworks",
				);
				MARKETING_VERSION = 1.0;
				PRODUCT_BUNDLE_IDENTIFIER = janiecee.BarbieCrazyDay;
				PRODUCT_NAME = "$(TARGET_NAME)";
				SUPPORTED_PLATFORMS = "iphoneos iphonesimulator";
				SUPPORTS_MACCATALYST = NO;
				SUPPORTS_MAC_DESIGNED_FOR_IPHONE_IPAD = NO;
				SUPPORTS_XR_DESIGNED_FOR_IPHONE_IPAD = NO;
				SWIFT_EMIT_LOC_STRINGS = YES;
				SWIFT_VERSION = 5.0;
				TARGETED_DEVICE_FAMILY = 1;
			};
			name = Release;
		};
/* End XCBuildConfiguration section */

/* Begin XCConfigurationList section */
		5C45B1C22C78C75C00628C16 /* Build configuration list for PBXProject "BarbieCrazyDay" */ = {
			isa = XCConfigurationList;
			buildConfigurations = (
				5C45B1D32C78C75D00628C16 /* Debug */,
				5C45B1D42C78C75D00628C16 /* Release */,
			);
			defaultConfigurationIsVisible = 0;
			defaultConfigurationName = Release;
		};
		5C45B1D52C78C75D00628C16 /* Build configuration list for PBXNativeTarget "BarbieCrazyDay" */ = {
			isa = XCConfigurationList;
			buildConfigurations = (
				5C45B1D62C78C75D00628C16 /* Debug */,
				5C45B1D72C78C75D00628C16 /* Release */,
			);
			defaultConfigurationIsVisible = 0;
			defaultConfigurationName = Release;
		};
/* End XCConfigurationList section */
	};
	rootObject = 5C45B1BF2C78C75C00628C16 /* Project object */;
}
